
Microsoft Visual Studio Solution File, Format Version 12.00
# Visual Studio Version 17
VisualStudioVersion = 17.4.33205.214
MinimumVisualStudioVersion = 10.0.40219.1
Project("{FAE04EC0-301F-11D3-BF4B-00C04F79EFBC}") = "FormThem", "FormThem.csproj", "{F72D2850-3D80-43B9-AC06-42E69B8F0BC5}"
EndProject
Project("{FAE04EC0-301F-11D3-BF4B-00C04F79EFBC}") = "Test_Project", "D:\Programming\.NET\Workspace\Test_Project\Test_Project\Test_Project.csproj", "{3CCFBF5A-D751-4A09-B4A6-9A6A878DE451}"
EndProject
Global
	GlobalSection(SolutionConfigurationPlatforms) = preSolution
		Debug|Any CPU = Debug|Any CPU
		Release|Any CPU = Release|Any CPU
	EndGlobalSection
	GlobalSection(ProjectConfigurationPlatforms) = postSolution
		{F72D2850-3D80-43B9-AC06-42E69B8F0BC5}.Debug|Any CPU.ActiveCfg = Debug|Any CPU
		{F72D2850-3D80-43B9-AC06-42E69B8F0BC5}.Debug|Any CPU.Build.0 = Debug|Any CPU
		{F72D2850-3D80-43B9-AC06-42E69B8F0BC5}.Release|Any CPU.ActiveCfg = Release|Any CPU
		{F72D2850-3D80-43B9-AC06-42E69B8F0BC5}.Release|Any CPU.Build.0 = Release|Any CPU
		{3CCFBF5A-D751-4A09-B4A6-9A6A878DE451}.Debug|Any CPU.ActiveCfg = Debug|Any CPU
		{3CCFBF5A-D751-4A09-B4A6-9A6A878DE451}.Debug|Any CPU.Build.0 = Debug|Any CPU
		{3CCFBF5A-D751-4A09-B4A6-9A6A878DE451}.Release|Any CPU.ActiveCfg = Release|Any CPU
		{3CCFBF5A-D751-4A09-B4A6-9A6A878DE451}.Release|Any CPU.Build.0 = Release|Any CPU
	EndGlobalSection
	GlobalSection(SolutionProperties) = preSolution
		HideSolutionNode = FALSE
	EndGlobalSection
	GlobalSection(ExtensibilityGlobals) = postSolution
		SolutionGuid = {7ACC4B2F-C56F-4AD0-B57C-A43046262C4B}
	EndGlobalSection
EndGlobal
